
Microsoft Visual Studio Solution File, Format Version 12.00
# Visual Studio Version 17
VisualStudioVersion = 17.1.32421.90
MinimumVisualStudioVersion = 10.0.40219.1
Project("{9A19103F-16F7-4668-BE54-9A1E7A4F7556}") = "Ninjasoft.Csv", "Ninjasoft.Csv\Ninjasoft.Csv.csproj", "{3227B212-696E-4A8E-9769-365A4B202BC9}"
EndProject
Project("{2150E333-8FDC-42A3-9474-1A3956D46DE8}") = "Tests", "Tests", "{8B65E629-A260-4764-BE4B-950018D94C61}"
EndProject
Project("{FAE04EC0-301F-11D3-BF4B-00C04F79EFBC}") = "Ninjasoft.Csv.IntegrationTests", "Ninjasoft.Csv.IntegrationTests\Ninjasoft.Csv.IntegrationTests.csproj", "{6C094033-4C97-4AB5-AD1D-BF3ECACAFF9B}"
EndProject
Global
	GlobalSection(SolutionConfigurationPlatforms) = preSolution
		Debug|Any CPU = Debug|Any CPU
		Release|Any CPU = Release|Any CPU
	EndGlobalSection
	GlobalSection(ProjectConfigurationPlatforms) = postSolution
		{3227B212-696E-4A8E-9769-365A4B202BC9}.Debug|Any CPU.ActiveCfg = Debug|Any CPU
		{3227B212-696E-4A8E-9769-365A4B202BC9}.Debug|Any CPU.Build.0 = Debug|Any CPU
		{3227B212-696E-4A8E-9769-365A4B202BC9}.Release|Any CPU.ActiveCfg = Release|Any CPU
		{3227B212-696E-4A8E-9769-365A4B202BC9}.Release|Any CPU.Build.0 = Release|Any CPU
		{6C094033-4C97-4AB5-AD1D-BF3ECACAFF9B}.Debug|Any CPU.ActiveCfg = Debug|Any CPU
		{6C094033-4C97-4AB5-AD1D-BF3ECACAFF9B}.Debug|Any CPU.Build.0 = Debug|Any CPU
		{6C094033-4C97-4AB5-AD1D-BF3ECACAFF9B}.Release|Any CPU.ActiveCfg = Release|Any CPU
		{6C094033-4C97-4AB5-AD1D-BF3ECACAFF9B}.Release|Any CPU.Build.0 = Release|Any CPU
	EndGlobalSection
	GlobalSection(SolutionProperties) = preSolution
		HideSolutionNode = FALSE
	EndGlobalSection
	GlobalSection(NestedProjects) = preSolution
		{6C094033-4C97-4AB5-AD1D-BF3ECACAFF9B} = {8B65E629-A260-4764-BE4B-950018D94C61}
	EndGlobalSection
	GlobalSection(ExtensibilityGlobals) = postSolution
		SolutionGuid = {9110720D-C30C-4481-93F4-F3AF1154AF98}
	EndGlobalSection
EndGlobal
