
Microsoft Visual Studio Solution File, Format Version 12.00
# Visual Studio Version 16
VisualStudioVersion = 16.0.29806.167
MinimumVisualStudioVersion = 10.0.40219.1
Project("{9A19103F-16F7-4668-BE54-9A1E7A4F7556}") = "NinjaCsv", "NinjaCsv\NinjaCsv.csproj", "{F33C853D-206B-4584-B392-B1791CDF3E49}"
EndProject
Project("{9A19103F-16F7-4668-BE54-9A1E7A4F7556}") = "NinjaCsv.UnitTests", "NinjaCsv.UnitTests\NinjaCsv.UnitTests.csproj", "{314C4C9E-A6A8-4AD5-8C9D-37E38AA539A2}"
EndProject
Project("{9A19103F-16F7-4668-BE54-9A1E7A4F7556}") = "NinjaCsv.IntegrationTests", "NinjaCsv.IntegrationTests\NinjaCsv.IntegrationTests.csproj", "{F5F6481B-96E9-457F-A9ED-2EBC0E0BFDBB}"
EndProject
Project("{2150E333-8FDC-42A3-9474-1A3956D46DE8}") = "Tests", "Tests", "{49C6C7A4-2317-4842-A2CF-20E9E34174C9}"
EndProject
Global
	GlobalSection(SolutionConfigurationPlatforms) = preSolution
		Debug|Any CPU = Debug|Any CPU
		Release|Any CPU = Release|Any CPU
	EndGlobalSection
	GlobalSection(ProjectConfigurationPlatforms) = postSolution
		{F33C853D-206B-4584-B392-B1791CDF3E49}.Debug|Any CPU.ActiveCfg = Debug|Any CPU
		{F33C853D-206B-4584-B392-B1791CDF3E49}.Debug|Any CPU.Build.0 = Debug|Any CPU
		{F33C853D-206B-4584-B392-B1791CDF3E49}.Release|Any CPU.ActiveCfg = Release|Any CPU
		{F33C853D-206B-4584-B392-B1791CDF3E49}.Release|Any CPU.Build.0 = Release|Any CPU
		{314C4C9E-A6A8-4AD5-8C9D-37E38AA539A2}.Debug|Any CPU.ActiveCfg = Debug|Any CPU
		{314C4C9E-A6A8-4AD5-8C9D-37E38AA539A2}.Debug|Any CPU.Build.0 = Debug|Any CPU
		{314C4C9E-A6A8-4AD5-8C9D-37E38AA539A2}.Release|Any CPU.ActiveCfg = Release|Any CPU
		{314C4C9E-A6A8-4AD5-8C9D-37E38AA539A2}.Release|Any CPU.Build.0 = Release|Any CPU
		{F5F6481B-96E9-457F-A9ED-2EBC0E0BFDBB}.Debug|Any CPU.ActiveCfg = Debug|Any CPU
		{F5F6481B-96E9-457F-A9ED-2EBC0E0BFDBB}.Debug|Any CPU.Build.0 = Debug|Any CPU
		{F5F6481B-96E9-457F-A9ED-2EBC0E0BFDBB}.Release|Any CPU.ActiveCfg = Release|Any CPU
		{F5F6481B-96E9-457F-A9ED-2EBC0E0BFDBB}.Release|Any CPU.Build.0 = Release|Any CPU
	EndGlobalSection
	GlobalSection(SolutionProperties) = preSolution
		HideSolutionNode = FALSE
	EndGlobalSection
	GlobalSection(NestedProjects) = preSolution
		{314C4C9E-A6A8-4AD5-8C9D-37E38AA539A2} = {49C6C7A4-2317-4842-A2CF-20E9E34174C9}
		{F5F6481B-96E9-457F-A9ED-2EBC0E0BFDBB} = {49C6C7A4-2317-4842-A2CF-20E9E34174C9}
	EndGlobalSection
	GlobalSection(ExtensibilityGlobals) = postSolution
		SolutionGuid = {9FC3A209-309C-4AA0-9B4C-34966F14B74C}
	EndGlobalSection
EndGlobal
